{
  "name": "lab1",
  "version": "1.0.0",
  "lockfileVersion": 2,
  "requires": true,
  "packages": {
    "": {
      "name": "lab1",
      "version": "1.0.0",
      "license": "ISC",
      "dependencies": {
        "npm-matematicas": "^1.0.1"
      },
      "devDependencies": {
        "xorshift": "^1.2.0"
      }
    },
    "node_modules/npm-matematicas": {
      "version": "1.0.1",
      "resolved": "https://registry.npmjs.org/npm-matematicas/-/npm-matematicas-1.0.1.tgz",
      "integrity": "sha512-YgqZ3f0f51JJ/I2xWrbKpzf70ot+gm3LG+KSEYV3Lk7fIEX7MBZX1zw5+BSk/mXZm6++C9snMhuLMyip8zlfSA=="
    },
    "node_modules/xorshift": {
      "version": "1.2.0",
      "resolved": "https://registry.npmjs.org/xorshift/-/xorshift-1.2.0.tgz",
      "integrity": "sha512-iYgNnGyeeJ4t6U11NpA/QiKy+PXn5Aa3Azg5qkwIFz1tBLllQrjjsk9yzD7IAK0naNU4JxdeDgqW9ov4u/hc4g==",
      "dev": true
    }
  },
  "dependencies": {
    "npm-matematicas": {
      "version": "1.0.1",
      "resolved": "https://registry.npmjs.org/npm-matematicas/-/npm-matematicas-1.0.1.tgz",
      "integrity": "sha512-YgqZ3f0f51JJ/I2xWrbKpzf70ot+gm3LG+KSEYV3Lk7fIEX7MBZX1zw5+BSk/mXZm6++C9snMhuLMyip8zlfSA=="
    },
    "xorshift": {
      "version": "1.2.0",
      "resolved": "https://registry.npmjs.org/xorshift/-/xorshift-1.2.0.tgz",
      "integrity": "sha512-iYgNnGyeeJ4t6U11NpA/QiKy+PXn5Aa3Azg5qkwIFz1tBLllQrjjsk9yzD7IAK0naNU4JxdeDgqW9ov4u/hc4g==",
      "dev": true
    }
  }
}
